{
  "name": "temp_icons",
  "lockfileVersion": 3,
  "requires": true,
  "packages": {
    "": {
      "dependencies": {
        "simple-icons": "^16.8.0"
      }
    },
    "node_modules/simple-icons": {
      "version": "16.8.0",
      "resolved": "https://registry.npmjs.org/simple-icons/-/simple-icons-16.8.0.tgz",
      "integrity": "sha512-JOqFl9rXrUkEVwYryZVvfySG6znMg+79KpDIDtAd9mXZAPfLyhVdhhGKg7EYioYzozxXd+5KvURTMguTl0QfbA==",
      "funding": [
        {
          "type": "opencollective",
          "url": "https://opencollective.com/simple-icons"
        },
        {
          "type": "github",
          "url": "https://github.com/sponsors/simple-icons"
        }
      ],
      "engines": {
        "node": ">=0.12.18"
      }
    }
  }
}
